
Microsoft Visual Studio Solution File, Format Version 12.00
# Visual Studio Version 16
VisualStudioVersion = 16.0.28803.156
MinimumVisualStudioVersion = 10.0.40219.1
Project("{FAE04EC0-301F-11D3-BF4B-00C04F79EFBC}") = "Voith.DAQ", "Voith.DAQ\Voith.DAQ.csproj", "{B6E9C586-BF06-48DB-8647-43AF2CF5EBA2}"
EndProject
Project("{FAE04EC0-301F-11D3-BF4B-00C04F79EFBC}") = "Voith.DAQ.Common", "Voith.DAQ.Common\Voith.DAQ.Common.csproj", "{7D9EBBCC-76BB-49BB-8A02-3F48A47C89CE}"
EndProject
Global
	GlobalSection(SolutionConfigurationPlatforms) = preSolution
		Debug|Any CPU = Debug|Any CPU
		Release|Any CPU = Release|Any CPU
	EndGlobalSection
	GlobalSection(ProjectConfigurationPlatforms) = postSolution
		{B6E9C586-BF06-48DB-8647-43AF2CF5EBA2}.Debug|Any CPU.ActiveCfg = Debug|Any CPU
		{B6E9C586-BF06-48DB-8647-43AF2CF5EBA2}.Debug|Any CPU.Build.0 = Debug|Any CPU
		{B6E9C586-BF06-48DB-8647-43AF2CF5EBA2}.Release|Any CPU.ActiveCfg = Release|Any CPU
		{B6E9C586-BF06-48DB-8647-43AF2CF5EBA2}.Release|Any CPU.Build.0 = Release|Any CPU
		{7D9EBBCC-76BB-49BB-8A02-3F48A47C89CE}.Debug|Any CPU.ActiveCfg = Debug|Any CPU
		{7D9EBBCC-76BB-49BB-8A02-3F48A47C89CE}.Debug|Any CPU.Build.0 = Debug|Any CPU
		{7D9EBBCC-76BB-49BB-8A02-3F48A47C89CE}.Release|Any CPU.ActiveCfg = Release|Any CPU
		{7D9EBBCC-76BB-49BB-8A02-3F48A47C89CE}.Release|Any CPU.Build.0 = Release|Any CPU
	EndGlobalSection
	GlobalSection(SolutionProperties) = preSolution
		HideSolutionNode = FALSE
	EndGlobalSection
	GlobalSection(ExtensibilityGlobals) = postSolution
		SolutionGuid = {BDB81184-3555-4F0F-88E8-1E15EEBE4901}
	EndGlobalSection
EndGlobal
